
Microsoft Visual Studio Solution File, Format Version 12.00
# Visual Studio Version 16
VisualStudioVersion = 16.0.30717.126
MinimumVisualStudioVersion = 10.0.40219.1
Project("{FAE04EC0-301F-11D3-BF4B-00C04F79EFBC}") = "Preveld", "Preveld.csproj", "{2B0F302E-1EBC-4BB9-99F1-92124B07540C}"
EndProject
Global
	GlobalSection(SolutionConfigurationPlatforms) = preSolution
		Debug|Any CPU = Debug|Any CPU
		Release|Any CPU = Release|Any CPU
	EndGlobalSection
	GlobalSection(ProjectConfigurationPlatforms) = postSolution
		{2B0F302E-1EBC-4BB9-99F1-92124B07540C}.Debug|Any CPU.ActiveCfg = Debug|Any CPU
		{2B0F302E-1EBC-4BB9-99F1-92124B07540C}.Debug|Any CPU.Build.0 = Debug|Any CPU
		{2B0F302E-1EBC-4BB9-99F1-92124B07540C}.Release|Any CPU.ActiveCfg = Release|Any CPU
		{2B0F302E-1EBC-4BB9-99F1-92124B07540C}.Release|Any CPU.Build.0 = Release|Any CPU
	EndGlobalSection
	GlobalSection(SolutionProperties) = preSolution
		HideSolutionNode = FALSE
	EndGlobalSection
	GlobalSection(ExtensibilityGlobals) = postSolution
		SolutionGuid = {BE088858-F716-4249-9EE1-F7DE9B920FE4}
	EndGlobalSection
EndGlobal
